{
  "name": "audit-bug-repro",
  "lockfileVersion": 2,
  "requires": true,
  "packages": {
    "": {
      "name": "audit-bug-repro",
      "license": "CC0-1.0",
      "dependencies": {
        "@sargunv/testlib-c": "^0.1.0"
      }
    },
    "node_modules/@sargunv/fake-testlib-a": {
      "name": "@sargunv/testlib-a",
      "version": "0.1.0",
      "resolved": "https://registry.npmjs.org/@sargunv/testlib-a/-/testlib-a-0.1.0.tgz",
      "integrity": "sha512-Fn64vahG+47n9xScHD9vViPF+twOhSg9g7sH9hTsJ4DwRHJZgIgeYf82MRoX6nURgzpksRoE4n3hxcd3o8XFxg=="
    },
    "node_modules/@sargunv/testlib-c": {
      "version": "0.1.0",
      "resolved": "https://registry.npmjs.org/@sargunv/testlib-c/-/testlib-c-0.1.0.tgz",
      "integrity": "sha512-yYzZOaFg/OKwogF4IXxrB/fKctJOTE3MhhbyaR7LU+C0uAlXfzvlLP2Ie6WYU1IXEWLFfOXDy8lmEmRyQk1ZsQ==",
      "dependencies": {
        "@sargunv/fake-testlib-a": "npm:@sargunv/testlib-a@^0.1.0"
      }
    }
  },
  "dependencies": {
    "@sargunv/fake-testlib-a": {
      "version": "npm:@sargunv/testlib-a@0.1.0",
      "resolved": "https://registry.npmjs.org/@sargunv/testlib-a/-/testlib-a-0.1.0.tgz",
      "integrity": "sha512-Fn64vahG+47n9xScHD9vViPF+twOhSg9g7sH9hTsJ4DwRHJZgIgeYf82MRoX6nURgzpksRoE4n3hxcd3o8XFxg=="
    },
    "@sargunv/testlib-c": {
      "version": "0.1.0",
      "resolved": "https://registry.npmjs.org/@sargunv/testlib-c/-/testlib-c-0.1.0.tgz",
      "integrity": "sha512-yYzZOaFg/OKwogF4IXxrB/fKctJOTE3MhhbyaR7LU+C0uAlXfzvlLP2Ie6WYU1IXEWLFfOXDy8lmEmRyQk1ZsQ==",
      "requires": {
        "@sargunv/fake-testlib-a": "npm:@sargunv/testlib-a@^0.1.0"
      }
    }
  }
}
