# This file is generated by running "yarn install" inside your project.
# Manual changes might be lost - proceed with caution!

__metadata:
  version: 4
  cacheKey: 7

"@sargunv/fake-testlib-a@npm:@sargunv/testlib-a@^0.1.0":
  version: 0.1.0
  resolution: "@sargunv/testlib-a@npm:0.1.0"
  checksum: 8e9e1f0f221c50c2f32d79ab646f3ea872dc66325c33293c7717d7973289a7d2bd8200d4417b443558c326edefd898ec31d01f04d9e48eb60f952085fff8b57e
  languageName: node
  linkType: hard

"@sargunv/testlib-c@npm:^0.1.0":
  version: 0.1.0
  resolution: "@sargunv/testlib-c@npm:0.1.0"
  dependencies:
    "@sargunv/fake-testlib-a": "npm:@sargunv/testlib-a@^0.1.0"
  checksum: 12089d09e7ca87e1f134d458c25084a0ffcc9b1c8a815339bb6b81d86b19749a346c9b0104813cf9a52bc6fbc8fc1f1e1c748c72ef6fb26123c845c866784694
  languageName: node
  linkType: hard

"audit-bug-repro@workspace:.":
  version: 0.0.0-use.local
  resolution: "audit-bug-repro@workspace:."
  dependencies:
    "@sargunv/testlib-c": ^0.1.0
  languageName: unknown
  linkType: soft
