# This file is generated by running "yarn install" inside your project.
# Manual changes might be lost - proceed with caution!

__metadata:
  version: 7
  cacheKey: 9

"@sargunv/fake-testlib-a@npm:@sargunv/testlib-a@^0.1.0":
  version: 0.1.0
  resolution: "@sargunv/testlib-a@npm:0.1.0"
  checksum: 2343ad9f18675756cb9fefa6a4b73e0a19ce712255323944ebbd6da280ee0cb827ed592ff3e1a41906b6671cb27fbeb769e486cc2fad50f81921065e5f092244
  languageName: node
  linkType: hard

"@sargunv/testlib-c@npm:^0.1.0":
  version: 0.1.0
  resolution: "@sargunv/testlib-c@npm:0.1.0"
  dependencies:
    "@sargunv/fake-testlib-a": "npm:@sargunv/testlib-a@^0.1.0"
  checksum: d3a1671ff462b3a1a54d8d33c460d62803a5e3adf80c13ae9d05fbcc3a85691e9e2b39f7bae5cabd82aeb0cd8c08daf10cd3bcf44ac9bd2da9d203ffe28b4bb6
  languageName: node
  linkType: hard

"audit-bug-repro@workspace:.":
  version: 0.0.0-use.local
  resolution: "audit-bug-repro@workspace:."
  dependencies:
    "@sargunv/testlib-c": "npm:^0.1.0"
  languageName: unknown
  linkType: soft
