# THIS IS AN AUTOGENERATED FILE. DO NOT EDIT THIS FILE DIRECTLY.
# yarn lockfile v1


"@sargunv/fake-testlib-a@npm:@sargunv/testlib-a@^0.1.0":
  version "0.1.0"
  resolved "https://registry.yarnpkg.com/@sargunv/testlib-a/-/testlib-a-0.1.0.tgz#9c0e8f3dfbf9d9313bdc27f46f96f02ef89aa17d"
  integrity sha512-Fn64vahG+47n9xScHD9vViPF+twOhSg9g7sH9hTsJ4DwRHJZgIgeYf82MRoX6nURgzpksRoE4n3hxcd3o8XFxg==

"@sargunv/testlib-c@^0.1.0":
  version "0.1.0"
  resolved "https://registry.yarnpkg.com/@sargunv/testlib-c/-/testlib-c-0.1.0.tgz#2abb1305e05ef63d819d9378ee7bc13b4f7dff72"
  integrity sha512-yYzZOaFg/OKwogF4IXxrB/fKctJOTE3MhhbyaR7LU+C0uAlXfzvlLP2Ie6WYU1IXEWLFfOXDy8lmEmRyQk1ZsQ==
  dependencies:
    "@sargunv/fake-testlib-a" "npm:@sargunv/testlib-a@^0.1.0"
